
Microsoft Visual Studio Solution File, Format Version 12.00
# Visual Studio Version 17
VisualStudioVersion = 17.5.002.0
MinimumVisualStudioVersion = 10.0.40219.1
Project("{9A19103F-16F7-4668-BE54-9A1E7A4F7556}") = "Dotnet-Assessment", "Dotnet-Assessment.csproj", "{8AC4F1FC-D925-4EEB-BEF6-78D7991D575D}"
EndProject
Global
	GlobalSection(SolutionConfigurationPlatforms) = preSolution
		Debug|Any CPU = Debug|Any CPU
		Release|Any CPU = Release|Any CPU
	EndGlobalSection
	GlobalSection(ProjectConfigurationPlatforms) = postSolution
		{8AC4F1FC-D925-4EEB-BEF6-78D7991D575D}.Debug|Any CPU.ActiveCfg = Debug|Any CPU
		{8AC4F1FC-D925-4EEB-BEF6-78D7991D575D}.Debug|Any CPU.Build.0 = Debug|Any CPU
		{8AC4F1FC-D925-4EEB-BEF6-78D7991D575D}.Release|Any CPU.ActiveCfg = Release|Any CPU
		{8AC4F1FC-D925-4EEB-BEF6-78D7991D575D}.Release|Any CPU.Build.0 = Release|Any CPU
	EndGlobalSection
	GlobalSection(SolutionProperties) = preSolution
		HideSolutionNode = FALSE
	EndGlobalSection
	GlobalSection(ExtensibilityGlobals) = postSolution
		SolutionGuid = {5816754B-B277-4F93-A3F2-ADE9DC72DF5B}
	EndGlobalSection
EndGlobal
